
Microsoft Visual Studio Solution File, Format Version 12.00
# Visual Studio 15
VisualStudioVersion = 15.0.28010.2046
MinimumVisualStudioVersion = 10.0.40219.1
Project("{FAE04EC0-301F-11D3-BF4B-00C04F79EFBC}") = "Tracker", "Tracker\Tracker.csproj", "{994C8278-C15F-470C-9B83-89060AE1A6E3}"
EndProject
Project("{9A19103F-16F7-4668-BE54-9A1E7A4F7556}") = "TrackerLib", "TrackerLib\TrackerLib.csproj", "{C117F53C-DEF4-4584-ABB3-A2DEF8A8DFE7}"
EndProject
Project("{9A19103F-16F7-4668-BE54-9A1E7A4F7556}") = "TrackerLibTests", "TrackerLibTests\TrackerLibTests.csproj", "{E1BC237A-F66F-43EF-BD1E-BD56D30C2C58}"
EndProject
Global
	GlobalSection(SolutionConfigurationPlatforms) = preSolution
		Debug|Any CPU = Debug|Any CPU
		Release|Any CPU = Release|Any CPU
	EndGlobalSection
	GlobalSection(ProjectConfigurationPlatforms) = postSolution
		{994C8278-C15F-470C-9B83-89060AE1A6E3}.Debug|Any CPU.ActiveCfg = Debug|Any CPU
		{994C8278-C15F-470C-9B83-89060AE1A6E3}.Debug|Any CPU.Build.0 = Debug|Any CPU
		{994C8278-C15F-470C-9B83-89060AE1A6E3}.Release|Any CPU.ActiveCfg = Release|Any CPU
		{994C8278-C15F-470C-9B83-89060AE1A6E3}.Release|Any CPU.Build.0 = Release|Any CPU
		{C117F53C-DEF4-4584-ABB3-A2DEF8A8DFE7}.Debug|Any CPU.ActiveCfg = Debug|Any CPU
		{C117F53C-DEF4-4584-ABB3-A2DEF8A8DFE7}.Debug|Any CPU.Build.0 = Debug|Any CPU
		{C117F53C-DEF4-4584-ABB3-A2DEF8A8DFE7}.Release|Any CPU.ActiveCfg = Release|Any CPU
		{C117F53C-DEF4-4584-ABB3-A2DEF8A8DFE7}.Release|Any CPU.Build.0 = Release|Any CPU
		{E1BC237A-F66F-43EF-BD1E-BD56D30C2C58}.Debug|Any CPU.ActiveCfg = Debug|Any CPU
		{E1BC237A-F66F-43EF-BD1E-BD56D30C2C58}.Debug|Any CPU.Build.0 = Debug|Any CPU
		{E1BC237A-F66F-43EF-BD1E-BD56D30C2C58}.Release|Any CPU.ActiveCfg = Release|Any CPU
		{E1BC237A-F66F-43EF-BD1E-BD56D30C2C58}.Release|Any CPU.Build.0 = Release|Any CPU
	EndGlobalSection
	GlobalSection(SolutionProperties) = preSolution
		HideSolutionNode = FALSE
	EndGlobalSection
	GlobalSection(ExtensibilityGlobals) = postSolution
		SolutionGuid = {0F95E1D3-CA12-4834-AD78-B7F925A5D869}
	EndGlobalSection
EndGlobal
